
Microsoft Visual Studio Solution File, Format Version 12.00
# Visual Studio 15
VisualStudioVersion = 15.0.28307.329
MinimumVisualStudioVersion = 10.0.40219.1
Project("{9A19103F-16F7-4668-BE54-9A1E7A4F7556}") = "OracleHR.Api", "OracleHR.Api\OracleHR.Api.csproj", "{AF247039-7383-4058-A0EA-D76C13129165}"
EndProject
Project("{9A19103F-16F7-4668-BE54-9A1E7A4F7556}") = "OracleHR.Models", "OracleHR.Models\OracleHR.Models.csproj", "{340A843D-835A-4EAA-A534-10847A53C3F8}"
EndProject
Project("{9A19103F-16F7-4668-BE54-9A1E7A4F7556}") = "OracleHR.Repository", "OracleHR.Repository\OracleHR.Repository.csproj", "{9947A429-15BC-4BB7-81A1-61C4E9C26CC4}"
EndProject
Project("{FAE04EC0-301F-11D3-BF4B-00C04F79EFBC}") = "OracleHR.Helpers", "OracleHR.Helpers\OracleHR.Helpers.csproj", "{F029A4A6-F581-4C0F-952B-AC9D3FAB1797}"
EndProject
Global
	GlobalSection(SolutionConfigurationPlatforms) = preSolution
		Debug|Any CPU = Debug|Any CPU
		Release|Any CPU = Release|Any CPU
	EndGlobalSection
	GlobalSection(ProjectConfigurationPlatforms) = postSolution
		{AF247039-7383-4058-A0EA-D76C13129165}.Debug|Any CPU.ActiveCfg = Debug|Any CPU
		{AF247039-7383-4058-A0EA-D76C13129165}.Debug|Any CPU.Build.0 = Debug|Any CPU
		{AF247039-7383-4058-A0EA-D76C13129165}.Release|Any CPU.ActiveCfg = Release|Any CPU
		{AF247039-7383-4058-A0EA-D76C13129165}.Release|Any CPU.Build.0 = Release|Any CPU
		{340A843D-835A-4EAA-A534-10847A53C3F8}.Debug|Any CPU.ActiveCfg = Debug|Any CPU
		{340A843D-835A-4EAA-A534-10847A53C3F8}.Debug|Any CPU.Build.0 = Debug|Any CPU
		{340A843D-835A-4EAA-A534-10847A53C3F8}.Release|Any CPU.ActiveCfg = Release|Any CPU
		{340A843D-835A-4EAA-A534-10847A53C3F8}.Release|Any CPU.Build.0 = Release|Any CPU
		{9947A429-15BC-4BB7-81A1-61C4E9C26CC4}.Debug|Any CPU.ActiveCfg = Debug|Any CPU
		{9947A429-15BC-4BB7-81A1-61C4E9C26CC4}.Debug|Any CPU.Build.0 = Debug|Any CPU
		{9947A429-15BC-4BB7-81A1-61C4E9C26CC4}.Release|Any CPU.ActiveCfg = Release|Any CPU
		{9947A429-15BC-4BB7-81A1-61C4E9C26CC4}.Release|Any CPU.Build.0 = Release|Any CPU
		{F029A4A6-F581-4C0F-952B-AC9D3FAB1797}.Debug|Any CPU.ActiveCfg = Debug|Any CPU
		{F029A4A6-F581-4C0F-952B-AC9D3FAB1797}.Debug|Any CPU.Build.0 = Debug|Any CPU
		{F029A4A6-F581-4C0F-952B-AC9D3FAB1797}.Release|Any CPU.ActiveCfg = Release|Any CPU
		{F029A4A6-F581-4C0F-952B-AC9D3FAB1797}.Release|Any CPU.Build.0 = Release|Any CPU
	EndGlobalSection
	GlobalSection(SolutionProperties) = preSolution
		HideSolutionNode = FALSE
	EndGlobalSection
	GlobalSection(ExtensibilityGlobals) = postSolution
		SolutionGuid = {35C7161C-E0D2-4FDD-A4F2-44A0FD8AA20B}
	EndGlobalSection
EndGlobal
